// !$*UTF8*$!
{
	archiveVersion = 1;
	classes = {
	};
	objectVersion = 50;
	objects = {

/* Begin PBXBuildFile section */
		C523E28F208B966D008A1508 /* NSArray+BRAdd.m in Sources */ = {isa = PBXBuildFile; fileRef = C523E28E208B966D008A1508 /* NSArray+BRAdd.m */; };
		C538E6AF20995DD7000B396F /* NSDate+BRAdd.m in Sources */ = {isa = PBXBuildFile; fileRef = C538E6AE20995DD7000B396F /* NSDate+BRAdd.m */; };
		C538E6B220995FDF000B396F /* UIImage+BRAdd.m in Sources */ = {isa = PBXBuildFile; fileRef = C538E6B120995FDF000B396F /* UIImage+BRAdd.m */; };
		C538E6B520996154000B396F /* UIImageView+BRAdd.m in Sources */ = {isa = PBXBuildFile; fileRef = C538E6B420996154000B396F /* UIImageView+BRAdd.m */; };
		C538E6B820996212000B396F /* UIButton+BRAdd.m in Sources */ = {isa = PBXBuildFile; fileRef = C538E6B720996212000B396F /* UIButton+BRAdd.m */; };
		C538E6BB2099672D000B396F /* NSNumber+BRAdd.m in Sources */ = {isa = PBXBuildFile; fileRef = C538E6BA2099672D000B396F /* NSNumber+BRAdd.m */; };
		C538E6BE209989CD000B396F /* NSTimer+BRAdd.m in Sources */ = {isa = PBXBuildFile; fileRef = C538E6BD209989CD000B396F /* NSTimer+BRAdd.m */; };
		C538E6C120999B6F000B396F /* UIColor+BRAdd.m in Sources */ = {isa = PBXBuildFile; fileRef = C538E6C020999B6F000B396F /* UIColor+BRAdd.m */; };
		C580EEA9208CC90C00C240AF /* NSDictionary+BRAdd.m in Sources */ = {isa = PBXBuildFile; fileRef = C580EEA8208CC90C00C240AF /* NSDictionary+BRAdd.m */; };
		C5E29E19208839E500AE642D /* AppDelegate.m in Sources */ = {isa = PBXBuildFile; fileRef = C5E29E18208839E500AE642D /* AppDelegate.m */; };
		C5E29E1C208839E500AE642D /* ViewController.m in Sources */ = {isa = PBXBuildFile; fileRef = C5E29E1B208839E500AE642D /* ViewController.m */; };
		C5E29E1F208839E500AE642D /* Main.storyboard in Resources */ = {isa = PBXBuildFile; fileRef = C5E29E1D208839E500AE642D /* Main.storyboard */; };
		C5E29E21208839E700AE642D /* Assets.xcassets in Resources */ = {isa = PBXBuildFile; fileRef = C5E29E20208839E700AE642D /* Assets.xcassets */; };
		C5E29E24208839E700AE642D /* LaunchScreen.storyboard in Resources */ = {isa = PBXBuildFile; fileRef = C5E29E22208839E700AE642D /* LaunchScreen.storyboard */; };
		C5E29E27208839E700AE642D /* main.m in Sources */ = {isa = PBXBuildFile; fileRef = C5E29E26208839E700AE642D /* main.m */; };
		C5E29E34208847DB00AE642D /* NSString+BRAdd.m in Sources */ = {isa = PBXBuildFile; fileRef = C5E29E33208847DB00AE642D /* NSString+BRAdd.m */; };
/* End PBXBuildFile section */

/* Begin PBXFileReference section */
		C523E28D208B966D008A1508 /* NSArray+BRAdd.h */ = {isa = PBXFileReference; lastKnownFileType = sourcecode.c.h; path = "NSArray+BRAdd.h"; sourceTree = "<group>"; };
		C523E28E208B966D008A1508 /* NSArray+BRAdd.m */ = {isa = PBXFileReference; lastKnownFileType = sourcecode.c.objc; path = "NSArray+BRAdd.m"; sourceTree = "<group>"; };
		C538E6AD20995DD7000B396F /* NSDate+BRAdd.h */ = {isa = PBXFileReference; lastKnownFileType = sourcecode.c.h; path = "NSDate+BRAdd.h"; sourceTree = "<group>"; };
		C538E6AE20995DD7000B396F /* NSDate+BRAdd.m */ = {isa = PBXFileReference; lastKnownFileType = sourcecode.c.objc; path = "NSDate+BRAdd.m"; sourceTree = "<group>"; };
		C538E6B020995FDF000B396F /* UIImage+BRAdd.h */ = {isa = PBXFileReference; lastKnownFileType = sourcecode.c.h; path = "UIImage+BRAdd.h"; sourceTree = "<group>"; };
		C538E6B120995FDF000B396F /* UIImage+BRAdd.m */ = {isa = PBXFileReference; lastKnownFileType = sourcecode.c.objc; path = "UIImage+BRAdd.m"; sourceTree = "<group>"; };
		C538E6B320996154000B396F /* UIImageView+BRAdd.h */ = {isa = PBXFileReference; lastKnownFileType = sourcecode.c.h; path = "UIImageView+BRAdd.h"; sourceTree = "<group>"; };
		C538E6B420996154000B396F /* UIImageView+BRAdd.m */ = {isa = PBXFileReference; lastKnownFileType = sourcecode.c.objc; path = "UIImageView+BRAdd.m"; sourceTree = "<group>"; };
		C538E6B620996212000B396F /* UIButton+BRAdd.h */ = {isa = PBXFileReference; lastKnownFileType = sourcecode.c.h; path = "UIButton+BRAdd.h"; sourceTree = "<group>"; };
		C538E6B720996212000B396F /* UIButton+BRAdd.m */ = {isa = PBXFileReference; lastKnownFileType = sourcecode.c.objc; path = "UIButton+BRAdd.m"; sourceTree = "<group>"; };
		C538E6B92099672D000B396F /* NSNumber+BRAdd.h */ = {isa = PBXFileReference; lastKnownFileType = sourcecode.c.h; path = "NSNumber+BRAdd.h"; sourceTree = "<group>"; };
		C538E6BA2099672D000B396F /* NSNumber+BRAdd.m */ = {isa = PBXFileReference; lastKnownFileType = sourcecode.c.objc; path = "NSNumber+BRAdd.m"; sourceTree = "<group>"; };
		C538E6BC209989CD000B396F /* NSTimer+BRAdd.h */ = {isa = PBXFileReference; lastKnownFileType = sourcecode.c.h; path = "NSTimer+BRAdd.h"; sourceTree = "<group>"; };
		C538E6BD209989CD000B396F /* NSTimer+BRAdd.m */ = {isa = PBXFileReference; lastKnownFileType = sourcecode.c.objc; path = "NSTimer+BRAdd.m"; sourceTree = "<group>"; };
		C538E6BF20999B6F000B396F /* UIColor+BRAdd.h */ = {isa = PBXFileReference; lastKnownFileType = sourcecode.c.h; path = "UIColor+BRAdd.h"; sourceTree = "<group>"; };
		C538E6C020999B6F000B396F /* UIColor+BRAdd.m */ = {isa = PBXFileReference; lastKnownFileType = sourcecode.c.objc; path = "UIColor+BRAdd.m"; sourceTree = "<group>"; };
		C580EEA7208CC90C00C240AF /* NSDictionary+BRAdd.h */ = {isa = PBXFileReference; lastKnownFileType = sourcecode.c.h; path = "NSDictionary+BRAdd.h"; sourceTree = "<group>"; };
		C580EEA8208CC90C00C240AF /* NSDictionary+BRAdd.m */ = {isa = PBXFileReference; lastKnownFileType = sourcecode.c.objc; path = "NSDictionary+BRAdd.m"; sourceTree = "<group>"; };
		C5AD51BE20898D0300E1032B /* BRMethod.h */ = {isa = PBXFileReference; lastKnownFileType = sourcecode.c.h; path = BRMethod.h; sourceTree = "<group>"; };
		C5AD51BF2089927300E1032B /* BRKit.h */ = {isa = PBXFileReference; lastKnownFileType = sourcecode.c.h; path = BRKit.h; sourceTree = "<group>"; };
		C5AD51C02089F79400E1032B /* BRKitMacro.h */ = {isa = PBXFileReference; lastKnownFileType = sourcecode.c.h; path = BRKitMacro.h; sourceTree = "<group>"; };
		C5E29E14208839E500AE642D /* BRKitDemo.app */ = {isa = PBXFileReference; explicitFileType = wrapper.application; includeInIndex = 0; path = BRKitDemo.app; sourceTree = BUILT_PRODUCTS_DIR; };
		C5E29E17208839E500AE642D /* AppDelegate.h */ = {isa = PBXFileReference; lastKnownFileType = sourcecode.c.h; path = AppDelegate.h; sourceTree = "<group>"; };
		C5E29E18208839E500AE642D /* AppDelegate.m */ = {isa = PBXFileReference; lastKnownFileType = sourcecode.c.objc; path = AppDelegate.m; sourceTree = "<group>"; };
		C5E29E1A208839E500AE642D /* ViewController.h */ = {isa = PBXFileReference; lastKnownFileType = sourcecode.c.h; path = ViewController.h; sourceTree = "<group>"; };
		C5E29E1B208839E500AE642D /* ViewController.m */ = {isa = PBXFileReference; lastKnownFileType = sourcecode.c.objc; path = ViewController.m; sourceTree = "<group>"; };
		C5E29E1E208839E500AE642D /* Base */ = {isa = PBXFileReference; lastKnownFileType = file.storyboard; name = Base; path = Base.lproj/Main.storyboard; sourceTree = "<group>"; };
		C5E29E20208839E700AE642D /* Assets.xcassets */ = {isa = PBXFileReference; lastKnownFileType = folder.assetcatalog; path = Assets.xcassets; sourceTree = "<group>"; };
		C5E29E23208839E700AE642D /* Base */ = {isa = PBXFileReference; lastKnownFileType = file.storyboard; name = Base; path = Base.lproj/LaunchScreen.storyboard; sourceTree = "<group>"; };
		C5E29E25208839E700AE642D /* Info.plist */ = {isa = PBXFileReference; lastKnownFileType = text.plist.xml; path = Info.plist; sourceTree = "<group>"; };
		C5E29E26208839E700AE642D /* main.m */ = {isa = PBXFileReference; lastKnownFileType = sourcecode.c.objc; path = main.m; sourceTree = "<group>"; };
		C5E29E32208847DB00AE642D /* NSString+BRAdd.h */ = {isa = PBXFileReference; lastKnownFileType = sourcecode.c.h; path = "NSString+BRAdd.h"; sourceTree = "<group>"; };
		C5E29E33208847DB00AE642D /* NSString+BRAdd.m */ = {isa = PBXFileReference; lastKnownFileType = sourcecode.c.objc; path = "NSString+BRAdd.m"; sourceTree = "<group>"; };
/* End PBXFileReference section */

/* Begin PBXFrameworksBuildPhase section */
		C5E29E11208839E500AE642D /* Frameworks */ = {
			isa = PBXFrameworksBuildPhase;
			buildActionMask = 2147483647;
			files = (
			);
			runOnlyForDeploymentPostprocessing = 0;
		};
/* End PBXFrameworksBuildPhase section */

/* Begin PBXGroup section */
		C523E28C208B9518008A1508 /* Foundation */ = {
			isa = PBXGroup;
			children = (
				C5AD51BE20898D0300E1032B /* BRMethod.h */,
				C5E29E32208847DB00AE642D /* NSString+BRAdd.h */,
				C5E29E33208847DB00AE642D /* NSString+BRAdd.m */,
				C523E28D208B966D008A1508 /* NSArray+BRAdd.h */,
				C523E28E208B966D008A1508 /* NSArray+BRAdd.m */,
				C580EEA7208CC90C00C240AF /* NSDictionary+BRAdd.h */,
				C580EEA8208CC90C00C240AF /* NSDictionary+BRAdd.m */,
				C538E6AD20995DD7000B396F /* NSDate+BRAdd.h */,
				C538E6AE20995DD7000B396F /* NSDate+BRAdd.m */,
				C538E6B92099672D000B396F /* NSNumber+BRAdd.h */,
				C538E6BA2099672D000B396F /* NSNumber+BRAdd.m */,
				C538E6BC209989CD000B396F /* NSTimer+BRAdd.h */,
				C538E6BD209989CD000B396F /* NSTimer+BRAdd.m */,
			);
			path = Foundation;
			sourceTree = "<group>";
		};
		C580EEA6208CC85000C240AF /* UIKit */ = {
			isa = PBXGroup;
			children = (
				C538E6B020995FDF000B396F /* UIImage+BRAdd.h */,
				C538E6B120995FDF000B396F /* UIImage+BRAdd.m */,
				C538E6B320996154000B396F /* UIImageView+BRAdd.h */,
				C538E6B420996154000B396F /* UIImageView+BRAdd.m */,
				C538E6B620996212000B396F /* UIButton+BRAdd.h */,
				C538E6B720996212000B396F /* UIButton+BRAdd.m */,
				C538E6BF20999B6F000B396F /* UIColor+BRAdd.h */,
				C538E6C020999B6F000B396F /* UIColor+BRAdd.m */,
			);
			path = UIKit;
			sourceTree = "<group>";
		};
		C5E29E0B208839E500AE642D = {
			isa = PBXGroup;
			children = (
				C5E29E16208839E500AE642D /* BRKitDemo */,
				C5E29E15208839E500AE642D /* Products */,
			);
			sourceTree = "<group>";
		};
		C5E29E15208839E500AE642D /* Products */ = {
			isa = PBXGroup;
			children = (
				C5E29E14208839E500AE642D /* BRKitDemo.app */,
			);
			name = Products;
			sourceTree = "<group>";
		};
		C5E29E16208839E500AE642D /* BRKitDemo */ = {
			isa = PBXGroup;
			children = (
				C5E29E3120883B0800AE642D /* BRKit */,
				C5E29E18208839E500AE642D /* AppDelegate.m */,
				C5E29E1A208839E500AE642D /* ViewController.h */,
				C5E29E17208839E500AE642D /* AppDelegate.h */,
				C5E29E1B208839E500AE642D /* ViewController.m */,
				C5E29E1D208839E500AE642D /* Main.storyboard */,
				C5E29E20208839E700AE642D /* Assets.xcassets */,
				C5E29E22208839E700AE642D /* LaunchScreen.storyboard */,
				C5E29E25208839E700AE642D /* Info.plist */,
				C5E29E26208839E700AE642D /* main.m */,
			);
			path = BRKitDemo;
			sourceTree = "<group>";
		};
		C5E29E3120883B0800AE642D /* BRKit */ = {
			isa = PBXGroup;
			children = (
				C5AD51BF2089927300E1032B /* BRKit.h */,
				C5AD51C02089F79400E1032B /* BRKitMacro.h */,
				C523E28C208B9518008A1508 /* Foundation */,
				C580EEA6208CC85000C240AF /* UIKit */,
			);
			path = BRKit;
			sourceTree = SOURCE_ROOT;
		};
/* End PBXGroup section */

/* Begin PBXNativeTarget section */
		C5E29E13208839E500AE642D /* BRKitDemo */ = {
			isa = PBXNativeTarget;
			buildConfigurationList = C5E29E2A208839E700AE642D /* Build configuration list for PBXNativeTarget "BRKitDemo" */;
			buildPhases = (
				C5E29E10208839E500AE642D /* Sources */,
				C5E29E11208839E500AE642D /* Frameworks */,
				C5E29E12208839E500AE642D /* Resources */,
			);
			buildRules = (
			);
			dependencies = (
			);
			name = BRKitDemo;
			productName = BRKitDemo;
			productReference = C5E29E14208839E500AE642D /* BRKitDemo.app */;
			productType = "com.apple.product-type.application";
		};
/* End PBXNativeTarget section */

/* Begin PBXProject section */
		C5E29E0C208839E500AE642D /* Project object */ = {
			isa = PBXProject;
			attributes = {
				LastUpgradeCheck = 0930;
				ORGANIZATIONNAME = 91renb;
				TargetAttributes = {
					C5E29E13208839E500AE642D = {
						CreatedOnToolsVersion = 9.3;
					};
				};
			};
			buildConfigurationList = C5E29E0F208839E500AE642D /* Build configuration list for PBXProject "BRKitDemo" */;
			compatibilityVersion = "Xcode 9.3";
			developmentRegion = en;
			hasScannedForEncodings = 0;
			knownRegions = (
				en,
				Base,
			);
			mainGroup = C5E29E0B208839E500AE642D;
			productRefGroup = C5E29E15208839E500AE642D /* Products */;
			projectDirPath = "";
			projectRoot = "";
			targets = (
				C5E29E13208839E500AE642D /* BRKitDemo */,
			);
		};
/* End PBXProject section */

/* Begin PBXResourcesBuildPhase section */
		C5E29E12208839E500AE642D /* Resources */ = {
			isa = PBXResourcesBuildPhase;
			buildActionMask = 2147483647;
			files = (
				C5E29E24208839E700AE642D /* LaunchScreen.storyboard in Resources */,
				C5E29E21208839E700AE642D /* Assets.xcassets in Resources */,
				C5E29E1F208839E500AE642D /* Main.storyboard in Resources */,
			);
			runOnlyForDeploymentPostprocessing = 0;
		};
/* End PBXResourcesBuildPhase section */

/* Begin PBXSourcesBuildPhase section */
		C5E29E10208839E500AE642D /* Sources */ = {
			isa = PBXSourcesBuildPhase;
			buildActionMask = 2147483647;
			files = (
				C5E29E1C208839E500AE642D /* ViewController.m in Sources */,
				C538E6B820996212000B396F /* UIButton+BRAdd.m in Sources */,
				C538E6C120999B6F000B396F /* UIColor+BRAdd.m in Sources */,
				C538E6BB2099672D000B396F /* NSNumber+BRAdd.m in Sources */,
				C523E28F208B966D008A1508 /* NSArray+BRAdd.m in Sources */,
				C538E6BE209989CD000B396F /* NSTimer+BRAdd.m in Sources */,
				C5E29E27208839E700AE642D /* main.m in Sources */,
				C538E6B220995FDF000B396F /* UIImage+BRAdd.m in Sources */,
				C538E6B520996154000B396F /* UIImageView+BRAdd.m in Sources */,
				C5E29E19208839E500AE642D /* AppDelegate.m in Sources */,
				C538E6AF20995DD7000B396F /* NSDate+BRAdd.m in Sources */,
				C580EEA9208CC90C00C240AF /* NSDictionary+BRAdd.m in Sources */,
				C5E29E34208847DB00AE642D /* NSString+BRAdd.m in Sources */,
			);
			runOnlyForDeploymentPostprocessing = 0;
		};
/* End PBXSourcesBuildPhase section */

/* Begin PBXVariantGroup section */
		C5E29E1D208839E500AE642D /* Main.storyboard */ = {
			isa = PBXVariantGroup;
			children = (
				C5E29E1E208839E500AE642D /* Base */,
			);
			name = Main.storyboard;
			sourceTree = "<group>";
		};
		C5E29E22208839E700AE642D /* LaunchScreen.storyboard */ = {
			isa = PBXVariantGroup;
			children = (
				C5E29E23208839E700AE642D /* Base */,
			);
			name = LaunchScreen.storyboard;
			sourceTree = "<group>";
		};
/* End PBXVariantGroup section */

/* Begin XCBuildConfiguration section */
		C5E29E28208839E700AE642D /* Debug */ = {
			isa = XCBuildConfiguration;
			buildSettings = {
				ALWAYS_SEARCH_USER_PATHS = NO;
				CLANG_ANALYZER_NONNULL = YES;
				CLANG_ANALYZER_NUMBER_OBJECT_CONVERSION = YES_AGGRESSIVE;
				CLANG_CXX_LANGUAGE_STANDARD = "gnu++14";
				CLANG_CXX_LIBRARY = "libc++";
				CLANG_ENABLE_MODULES = YES;
				CLANG_ENABLE_OBJC_ARC = YES;
				CLANG_ENABLE_OBJC_WEAK = YES;
				CLANG_WARN_BLOCK_CAPTURE_AUTORELEASING = YES;
				CLANG_WARN_BOOL_CONVERSION = YES;
				CLANG_WARN_COMMA = YES;
				CLANG_WARN_CONSTANT_CONVERSION = YES;
				CLANG_WARN_DEPRECATED_OBJC_IMPLEMENTATIONS = YES;
				CLANG_WARN_DIRECT_OBJC_ISA_USAGE = YES_ERROR;
				CLANG_WARN_DOCUMENTATION_COMMENTS = YES;
				CLANG_WARN_EMPTY_BODY = YES;
				CLANG_WARN_ENUM_CONVERSION = YES;
				CLANG_WARN_INFINITE_RECURSION = YES;
				CLANG_WARN_INT_CONVERSION = YES;
				CLANG_WARN_NON_LITERAL_NULL_CONVERSION = YES;
				CLANG_WARN_OBJC_IMPLICIT_RETAIN_SELF = YES;
				CLANG_WARN_OBJC_LITERAL_CONVERSION = YES;
				CLANG_WARN_OBJC_ROOT_CLASS = YES_ERROR;
				CLANG_WARN_RANGE_LOOP_ANALYSIS = YES;
				CLANG_WARN_STRICT_PROTOTYPES = YES;
				CLANG_WARN_SUSPICIOUS_MOVE = YES;
				CLANG_WARN_UNGUARDED_AVAILABILITY = YES_AGGRESSIVE;
				CLANG_WARN_UNREACHABLE_CODE = YES;
				CLANG_WARN__DUPLICATE_METHOD_MATCH = YES;
				CODE_SIGN_IDENTITY = "iPhone Developer";
				COPY_PHASE_STRIP = NO;
				DEBUG_INFORMATION_FORMAT = dwarf;
				ENABLE_STRICT_OBJC_MSGSEND = YES;
				ENABLE_TESTABILITY = YES;
				GCC_C_LANGUAGE_STANDARD = gnu11;
				GCC_DYNAMIC_NO_PIC = NO;
				GCC_NO_COMMON_BLOCKS = YES;
				GCC_OPTIMIZATION_LEVEL = 0;
				GCC_PREPROCESSOR_DEFINITIONS = (
					"DEBUG=1",
					"$(inherited)",
				);
				GCC_WARN_64_TO_32_BIT_CONVERSION = YES;
				GCC_WARN_ABOUT_RETURN_TYPE = YES_ERROR;
				GCC_WARN_UNDECLARED_SELECTOR = YES;
				GCC_WARN_UNINITIALIZED_AUTOS = YES_AGGRESSIVE;
				GCC_WARN_UNUSED_FUNCTION = YES;
				GCC_WARN_UNUSED_VARIABLE = YES;
				IPHONEOS_DEPLOYMENT_TARGET = 11.3;
				MTL_ENABLE_DEBUG_INFO = YES;
				ONLY_ACTIVE_ARCH = YES;
				SDKROOT = iphoneos;
			};
			name = Debug;
		};
		C5E29E29208839E700AE642D /* Release */ = {
			isa = XCBuildConfiguration;
			buildSettings = {
				ALWAYS_SEARCH_USER_PATHS = NO;
				CLANG_ANALYZER_NONNULL = YES;
				CLANG_ANALYZER_NUMBER_OBJECT_CONVERSION = YES_AGGRESSIVE;
				CLANG_CXX_LANGUAGE_STANDARD = "gnu++14";
				CLANG_CXX_LIBRARY = "libc++";
				CLANG_ENABLE_MODULES = YES;
				CLANG_ENABLE_OBJC_ARC = YES;
				CLANG_ENABLE_OBJC_WEAK = YES;
				CLANG_WARN_BLOCK_CAPTURE_AUTORELEASING = YES;
				CLANG_WARN_BOOL_CONVERSION = YES;
				CLANG_WARN_COMMA = YES;
				CLANG_WARN_CONSTANT_CONVERSION = YES;
				CLANG_WARN_DEPRECATED_OBJC_IMPLEMENTATIONS = YES;
				CLANG_WARN_DIRECT_OBJC_ISA_USAGE = YES_ERROR;
				CLANG_WARN_DOCUMENTATION_COMMENTS = YES;
				CLANG_WARN_EMPTY_BODY = YES;
				CLANG_WARN_ENUM_CONVERSION = YES;
				CLANG_WARN_INFINITE_RECURSION = YES;
				CLANG_WARN_INT_CONVERSION = YES;
				CLANG_WARN_NON_LITERAL_NULL_CONVERSION = YES;
				CLANG_WARN_OBJC_IMPLICIT_RETAIN_SELF = YES;
				CLANG_WARN_OBJC_LITERAL_CONVERSION = YES;
				CLANG_WARN_OBJC_ROOT_CLASS = YES_ERROR;
				CLANG_WARN_RANGE_LOOP_ANALYSIS = YES;
				CLANG_WARN_STRICT_PROTOTYPES = YES;
				CLANG_WARN_SUSPICIOUS_MOVE = YES;
				CLANG_WARN_UNGUARDED_AVAILABILITY = YES_AGGRESSIVE;
				CLANG_WARN_UNREACHABLE_CODE = YES;
				CLANG_WARN__DUPLICATE_METHOD_MATCH = YES;
				CODE_SIGN_IDENTITY = "iPhone Developer";
				COPY_PHASE_STRIP = NO;
				DEBUG_INFORMATION_FORMAT = "dwarf-with-dsym";
				ENABLE_NS_ASSERTIONS = NO;
				ENABLE_STRICT_OBJC_MSGSEND = YES;
				GCC_C_LANGUAGE_STANDARD = gnu11;
				GCC_NO_COMMON_BLOCKS = YES;
				GCC_WARN_64_TO_32_BIT_CONVERSION = YES;
				GCC_WARN_ABOUT_RETURN_TYPE = YES_ERROR;
				GCC_WARN_UNDECLARED_SELECTOR = YES;
				GCC_WARN_UNINITIALIZED_AUTOS = YES_AGGRESSIVE;
				GCC_WARN_UNUSED_FUNCTION = YES;
				GCC_WARN_UNUSED_VARIABLE = YES;
				IPHONEOS_DEPLOYMENT_TARGET = 11.3;
				MTL_ENABLE_DEBUG_INFO = NO;
				SDKROOT = iphoneos;
				VALIDATE_PRODUCT = YES;
			};
			name = Release;
		};
		C5E29E2B208839E700AE642D /* Debug */ = {
			isa = XCBuildConfiguration;
			buildSettings = {
				ASSETCATALOG_COMPILER_APPICON_NAME = AppIcon;
				CODE_SIGN_STYLE = Automatic;
				INFOPLIST_FILE = BRKitDemo/Info.plist;
				IPHONEOS_DEPLOYMENT_TARGET = 8.0;
				LD_RUNPATH_SEARCH_PATHS = (
					"$(inherited)",
					"@executable_path/Frameworks",
				);
				PRODUCT_BUNDLE_IDENTIFIER = com.91renb.BRKitDemo;
				PRODUCT_NAME = "$(TARGET_NAME)";
				TARGETED_DEVICE_FAMILY = "1,2";
			};
			name = Debug;
		};
		C5E29E2C208839E700AE642D /* Release */ = {
			isa = XCBuildConfiguration;
			buildSettings = {
				ASSETCATALOG_COMPILER_APPICON_NAME = AppIcon;
				CODE_SIGN_STYLE = Automatic;
				INFOPLIST_FILE = BRKitDemo/Info.plist;
				IPHONEOS_DEPLOYMENT_TARGET = 8.0;
				LD_RUNPATH_SEARCH_PATHS = (
					"$(inherited)",
					"@executable_path/Frameworks",
				);
				PRODUCT_BUNDLE_IDENTIFIER = com.91renb.BRKitDemo;
				PRODUCT_NAME = "$(TARGET_NAME)";
				TARGETED_DEVICE_FAMILY = "1,2";
			};
			name = Release;
		};
/* End XCBuildConfiguration section */

/* Begin XCConfigurationList section */
		C5E29E0F208839E500AE642D /* Build configuration list for PBXProject "BRKitDemo" */ = {
			isa = XCConfigurationList;
			buildConfigurations = (
				C5E29E28208839E700AE642D /* Debug */,
				C5E29E29208839E700AE642D /* Release */,
			);
			defaultConfigurationIsVisible = 0;
			defaultConfigurationName = Release;
		};
		C5E29E2A208839E700AE642D /* Build configuration list for PBXNativeTarget "BRKitDemo" */ = {
			isa = XCConfigurationList;
			buildConfigurations = (
				C5E29E2B208839E700AE642D /* Debug */,
				C5E29E2C208839E700AE642D /* Release */,
			);
			defaultConfigurationIsVisible = 0;
			defaultConfigurationName = Release;
		};
/* End XCConfigurationList section */
	};
	rootObject = C5E29E0C208839E500AE642D /* Project object */;
}
